
Microsoft Visual Studio Solution File, Format Version 12.00
# Visual Studio Version 17
VisualStudioVersion = 17.5.002.0
MinimumVisualStudioVersion = 10.0.40219.1
Project("{9A19103F-16F7-4668-BE54-9A1E7A4F7556}") = "AP2C#", "AP2C#.csproj", "{25218095-4EB8-4FFB-8567-C6148436A8EB}"
EndProject
Global
	GlobalSection(SolutionConfigurationPlatforms) = preSolution
		Debug|Any CPU = Debug|Any CPU
		Release|Any CPU = Release|Any CPU
	EndGlobalSection
	GlobalSection(ProjectConfigurationPlatforms) = postSolution
		{25218095-4EB8-4FFB-8567-C6148436A8EB}.Debug|Any CPU.ActiveCfg = Debug|Any CPU
		{25218095-4EB8-4FFB-8567-C6148436A8EB}.Debug|Any CPU.Build.0 = Debug|Any CPU
		{25218095-4EB8-4FFB-8567-C6148436A8EB}.Release|Any CPU.ActiveCfg = Release|Any CPU
		{25218095-4EB8-4FFB-8567-C6148436A8EB}.Release|Any CPU.Build.0 = Release|Any CPU
	EndGlobalSection
	GlobalSection(SolutionProperties) = preSolution
		HideSolutionNode = FALSE
	EndGlobalSection
	GlobalSection(ExtensibilityGlobals) = postSolution
		SolutionGuid = {F1DFCEC2-28A9-47D4-9FEB-96046FDB21AD}
	EndGlobalSection
EndGlobal
